{
  "originHash" : "a1abb24128f99df90dd4ea8fe1b0d8d27bba40e61084d59dd96e70761d37113b",
  "pins" : [
    {
      "identity" : "android",
      "kind" : "remoteSourceControl",
      "location" : "https://github.com/PureSwift/Android.git",
      "state" : {
        "branch" : "master",
        "revision" : "4c941bc19c5907e12c8aeadd61dc7bdf1eaf7671"
      }
    },
    {
      "identity" : "javalang",
      "kind" : "remoteSourceControl",
      "location" : "https://github.com/PureSwift/JavaLang.git",
      "state" : {
        "branch" : "master",
        "revision" : "1b7320afd8d40a669422ee61d5335ae6d647dce5"
      }
    },
    {
      "identity" : "kotlin",
      "kind" : "remoteSourceControl",
      "location" : "https://github.com/PureSwift/Kotlin.git",
      "state" : {
        "branch" : "master",
        "revision" : "88a9bb94d156ef95d177bc6a65580dfacdda4b13"
      }
    },
    {
      "identity" : "swift-android-native",
      "kind" : "remoteSourceControl",
      "location" : "https://github.com/MillerTechnologyPeru/swift-android-native.git",
      "state" : {
        "branch" : "feature/pureswift",
        "revision" : "ebf3feff1b2b9d57a7996e0fb1da1b4d6bb8c36d"
      }
    },
    {
      "identity" : "swift-argument-parser",
      "kind" : "remoteSourceControl",
      "location" : "https://github.com/apple/swift-argument-parser",
      "state" : {
        "revision" : "6a52f3251125d74daf04fcbd5e6f08a75d074382",
        "version" : "1.8.2"
      }
    },
    {
      "identity" : "swift-asn1",
      "kind" : "remoteSourceControl",
      "location" : "https://github.com/apple/swift-asn1.git",
      "state" : {
        "revision" : "3b6410f7dee09eb33cdd26260c5fd47fda19b0e2",
        "version" : "1.7.3"
      }
    },
    {
      "identity" : "swift-collections",
      "kind" : "remoteSourceControl",
      "location" : "https://github.com/apple/swift-collections",
      "state" : {
        "revision" : "a0cb0954ecb21e4e31b0070e6ed5674e8556685a",
        "version" : "1.6.0"
      }
    },
    {
      "identity" : "swift-crypto",
      "kind" : "remoteSourceControl",
      "location" : "https://github.com/apple/swift-crypto.git",
      "state" : {
        "revision" : "da9d28d69ebe3894b18376c8f2395c2f37b8448f",
        "version" : "4.5.2"
      }
    },
    {
      "identity" : "swift-java",
      "kind" : "remoteSourceControl",
      "location" : "https://github.com/swiftlang/swift-java.git",
      "state" : {
        "branch" : "main",
        "revision" : "b834a0dd18587134c17bcb7a7f16d23bc7ca8b8e"
      }
    },
    {
      "identity" : "swift-java-jni-core",
      "kind" : "remoteSourceControl",
      "location" : "https://github.com/swiftlang/swift-java-jni-core",
      "state" : {
        "branch" : "main",
        "revision" : "b440a0be98381550cf189c903782e817619ffa05"
      }
    },
    {
      "identity" : "swift-log",
      "kind" : "remoteSourceControl",
      "location" : "https://github.com/apple/swift-log",
      "state" : {
        "revision" : "9c6fb14227f55d8f711ce3847dc2f419fb0ecacb",
        "version" : "1.15.1"
      }
    },
    {
      "identity" : "swift-subprocess",
      "kind" : "remoteSourceControl",
      "location" : "https://github.com/swiftlang/swift-subprocess.git",
      "state" : {
        "revision" : "13d087685b95d64d6aac9b94500d347bbe84c39b",
        "version" : "0.4.0"
      }
    },
    {
      "identity" : "swift-syntax",
      "kind" : "remoteSourceControl",
      "location" : "https://github.com/swiftlang/swift-syntax",
      "state" : {
        "revision" : "79e4b74a295b6eb74a8b585e3a39d29e70c1dbd1",
        "version" : "603.0.2"
      }
    },
    {
      "identity" : "swift-system",
      "kind" : "remoteSourceControl",
      "location" : "https://github.com/apple/swift-system",
      "state" : {
        "revision" : "869129b7bf4ecc57b97d0193ad29690ca2134750",
        "version" : "1.8.1"
      }
    }
  ],
  "version" : 3
}
